
Microsoft Visual Studio Solution File, Format Version 12.00
# Visual Studio Version 16
VisualStudioVersion = 16.0.30413.136
MinimumVisualStudioVersion = 10.0.40219.1
Project("{888888A0-9F3D-457C-B088-3A5042F75D52}") = "esimine", "esimine.pyproj", "{C69AF5CB-3B23-4D0B-B84F-FB3FCDE8F147}"
EndProject
Global
	GlobalSection(SolutionConfigurationPlatforms) = preSolution
		Debug|Any CPU = Debug|Any CPU
		Release|Any CPU = Release|Any CPU
	EndGlobalSection
	GlobalSection(ProjectConfigurationPlatforms) = postSolution
		{C69AF5CB-3B23-4D0B-B84F-FB3FCDE8F147}.Debug|Any CPU.ActiveCfg = Debug|Any CPU
		{C69AF5CB-3B23-4D0B-B84F-FB3FCDE8F147}.Release|Any CPU.ActiveCfg = Release|Any CPU
	EndGlobalSection
	GlobalSection(SolutionProperties) = preSolution
		HideSolutionNode = FALSE
	EndGlobalSection
	GlobalSection(ExtensibilityGlobals) = postSolution
		SolutionGuid = {A6BAA22E-ECFB-4663-9ECC-9A3552B6FC67}
	EndGlobalSection
EndGlobal
